
Microsoft Visual Studio Solution File, Format Version 12.00
# Visual Studio Version 17
VisualStudioVersion = 17.5.33516.290
MinimumVisualStudioVersion = 10.0.40219.1
Project("{FAE04EC0-301F-11D3-BF4B-00C04F79EFBC}") = "HCP", "HCP\HCP.csproj", "{3D60C05F-A9B0-417A-970C-741037BABC2B}"
EndProject
Project("{FAE04EC0-301F-11D3-BF4B-00C04F79EFBC}") = "HCP.Extras", "..\HCP.Extras\HCP.Extras.csproj", "{F0033003-8B1F-4B8B-A3A1-29484702F64A}"
EndProject
Project("{FAE04EC0-301F-11D3-BF4B-00C04F79EFBC}") = "HCP.Logs", "..\HCP.Logs\HCP.Logs.csproj", "{6EA020DE-A0E3-4365-96CA-3DCE07D96F21}"
EndProject
Project("{FAE04EC0-301F-11D3-BF4B-00C04F79EFBC}") = "HCP.Com", "..\HCP.Com\HCP.Com.csproj", "{486BFE9D-6727-44DC-9E1B-140CB00788B7}"
EndProject
Project("{9A19103F-16F7-4668-BE54-9A1E7A4F7556}") = "HCP.WebServices", "..\HCP.WebServices\HCP.WebServices.csproj", "{E9F50BF2-A859-4747-9521-AFB1FFE81E01}"
EndProject
Project("{2150E333-8FDC-42A3-9474-1A3956D46DE8}") = "UI", "UI", "{4FEA8563-A768-4946-B350-D1FAD7EA3C9B}"
EndProject
Project("{2150E333-8FDC-42A3-9474-1A3956D46DE8}") = "DataAccess", "DataAccess", "{440DDFA0-E38E-443E-92CE-CA4CEF8FAF6C}"
EndProject
Project("{2150E333-8FDC-42A3-9474-1A3956D46DE8}") = "Services", "Services", "{6B3B63FB-A46D-424B-AEDD-6006ED2D18E9}"
EndProject
Project("{2150E333-8FDC-42A3-9474-1A3956D46DE8}") = "BusinessLogic", "BusinessLogic", "{5E63F3F8-B8E2-425E-A280-701E8B1A9407}"
EndProject
Project("{2150E333-8FDC-42A3-9474-1A3956D46DE8}") = "External", "External", "{A533BD06-B14D-41CE-A8D2-F7835F04982C}"
EndProject
Project("{FAE04EC0-301F-11D3-BF4B-00C04F79EFBC}") = "DatabaseSwitcher", "DatabaseSwitcher\DatabaseSwitcher.csproj", "{95EEEF1A-F429-437B-8CCD-F3DA393DFF15}"
EndProject
Project("{FAE04EC0-301F-11D3-BF4B-00C04F79EFBC}") = "HCP.Fr.Blazor.Server", "HCP.Fr.Blazor\Server\HCP.Fr.Blazor.Server.csproj", "{4D1574EC-0DAE-417C-9948-11FDD3B3C5A0}"
EndProject
Project("{FAE04EC0-301F-11D3-BF4B-00C04F79EFBC}") = "HCP.Fr.Blazor.Client", "HCP.Fr.Blazor\Client\HCP.Fr.Blazor.Client.csproj", "{4B1B456F-04ED-44F8-B506-B75B08117AD5}"
EndProject
Project("{FAE04EC0-301F-11D3-BF4B-00C04F79EFBC}") = "HCP.Fr.Blazor.Shared", "HCP.Fr.Blazor\Shared\HCP.Fr.Blazor.Shared.csproj", "{2CA1B3C3-B79D-4F33-94DD-25B1DEF130F6}"
EndProject
Project("{FAE04EC0-301F-11D3-BF4B-00C04F79EFBC}") = "HCP.Fr.Mvc", "HCP.Fr.Mvc\HCP.Fr.Mvc.csproj", "{02BFD7BC-1145-4980-84E2-A93C8725D7BA}"
EndProject
Project("{FAE04EC0-301F-11D3-BF4B-00C04F79EFBC}") = "HCP.Fr.Dao", "HCP.Fr.Dao\HCP.Fr.Dao.csproj", "{AE19CF4C-7448-4921-83E2-A2DFD710A39B}"
EndProject
Project("{FAE04EC0-301F-11D3-BF4B-00C04F79EFBC}") = "HCP.En.Dao", "HCP.En.Dao\HCP.En.Dao.csproj", "{6F2D6E69-5879-42D7-A37E-D68588796E73}"
EndProject
Project("{2150E333-8FDC-42A3-9474-1A3956D46DE8}") = "DataStores", "DataStores", "{4FB02C0E-7E3E-4E31-85DB-FBCE6A264BC3}"
EndProject
Project("{FAE04EC0-301F-11D3-BF4B-00C04F79EFBC}") = "HCP.En.DS", "HCP.En.DS\HCP.En.DS.csproj", "{719440DD-9535-4679-8C56-778C62C58409}"
EndProject
Project("{FAE04EC0-301F-11D3-BF4B-00C04F79EFBC}") = "HCP.Fr.DS", "HCP.Fr.DS\HCP.Fr.DS.csproj", "{D470AD77-9FAA-46DE-B734-A4438E35FF73}"
EndProject
Global
	GlobalSection(SolutionConfigurationPlatforms) = preSolution
		Debug|Any CPU = Debug|Any CPU
		Release|Any CPU = Release|Any CPU
	EndGlobalSection
	GlobalSection(ProjectConfigurationPlatforms) = postSolution
		{3D60C05F-A9B0-417A-970C-741037BABC2B}.Debug|Any CPU.ActiveCfg = Debug|Any CPU
		{3D60C05F-A9B0-417A-970C-741037BABC2B}.Debug|Any CPU.Build.0 = Debug|Any CPU
		{3D60C05F-A9B0-417A-970C-741037BABC2B}.Release|Any CPU.ActiveCfg = Release|Any CPU
		{3D60C05F-A9B0-417A-970C-741037BABC2B}.Release|Any CPU.Build.0 = Release|Any CPU
		{F0033003-8B1F-4B8B-A3A1-29484702F64A}.Debug|Any CPU.ActiveCfg = Debug|Any CPU
		{F0033003-8B1F-4B8B-A3A1-29484702F64A}.Debug|Any CPU.Build.0 = Debug|Any CPU
		{F0033003-8B1F-4B8B-A3A1-29484702F64A}.Release|Any CPU.ActiveCfg = Release|Any CPU
		{F0033003-8B1F-4B8B-A3A1-29484702F64A}.Release|Any CPU.Build.0 = Release|Any CPU
		{6EA020DE-A0E3-4365-96CA-3DCE07D96F21}.Debug|Any CPU.ActiveCfg = Debug|Any CPU
		{6EA020DE-A0E3-4365-96CA-3DCE07D96F21}.Debug|Any CPU.Build.0 = Debug|Any CPU
		{6EA020DE-A0E3-4365-96CA-3DCE07D96F21}.Release|Any CPU.ActiveCfg = Release|Any CPU
		{6EA020DE-A0E3-4365-96CA-3DCE07D96F21}.Release|Any CPU.Build.0 = Release|Any CPU
		{486BFE9D-6727-44DC-9E1B-140CB00788B7}.Debug|Any CPU.ActiveCfg = Debug|Any CPU
		{486BFE9D-6727-44DC-9E1B-140CB00788B7}.Debug|Any CPU.Build.0 = Debug|Any CPU
		{486BFE9D-6727-44DC-9E1B-140CB00788B7}.Release|Any CPU.ActiveCfg = Release|Any CPU
		{486BFE9D-6727-44DC-9E1B-140CB00788B7}.Release|Any CPU.Build.0 = Release|Any CPU
		{E9F50BF2-A859-4747-9521-AFB1FFE81E01}.Debug|Any CPU.ActiveCfg = Debug|Any CPU
		{E9F50BF2-A859-4747-9521-AFB1FFE81E01}.Debug|Any CPU.Build.0 = Debug|Any CPU
		{E9F50BF2-A859-4747-9521-AFB1FFE81E01}.Release|Any CPU.ActiveCfg = Release|Any CPU
		{E9F50BF2-A859-4747-9521-AFB1FFE81E01}.Release|Any CPU.Build.0 = Release|Any CPU
		{95EEEF1A-F429-437B-8CCD-F3DA393DFF15}.Debug|Any CPU.ActiveCfg = Debug|Any CPU
		{95EEEF1A-F429-437B-8CCD-F3DA393DFF15}.Debug|Any CPU.Build.0 = Debug|Any CPU
		{95EEEF1A-F429-437B-8CCD-F3DA393DFF15}.Release|Any CPU.ActiveCfg = Release|Any CPU
		{95EEEF1A-F429-437B-8CCD-F3DA393DFF15}.Release|Any CPU.Build.0 = Release|Any CPU
		{4D1574EC-0DAE-417C-9948-11FDD3B3C5A0}.Debug|Any CPU.ActiveCfg = Debug|Any CPU
		{4D1574EC-0DAE-417C-9948-11FDD3B3C5A0}.Debug|Any CPU.Build.0 = Debug|Any CPU
		{4D1574EC-0DAE-417C-9948-11FDD3B3C5A0}.Release|Any CPU.ActiveCfg = Release|Any CPU
		{4D1574EC-0DAE-417C-9948-11FDD3B3C5A0}.Release|Any CPU.Build.0 = Release|Any CPU
		{4B1B456F-04ED-44F8-B506-B75B08117AD5}.Debug|Any CPU.ActiveCfg = Debug|Any CPU
		{4B1B456F-04ED-44F8-B506-B75B08117AD5}.Debug|Any CPU.Build.0 = Debug|Any CPU
		{4B1B456F-04ED-44F8-B506-B75B08117AD5}.Release|Any CPU.ActiveCfg = Release|Any CPU
		{4B1B456F-04ED-44F8-B506-B75B08117AD5}.Release|Any CPU.Build.0 = Release|Any CPU
		{2CA1B3C3-B79D-4F33-94DD-25B1DEF130F6}.Debug|Any CPU.ActiveCfg = Debug|Any CPU
		{2CA1B3C3-B79D-4F33-94DD-25B1DEF130F6}.Debug|Any CPU.Build.0 = Debug|Any CPU
		{2CA1B3C3-B79D-4F33-94DD-25B1DEF130F6}.Release|Any CPU.ActiveCfg = Release|Any CPU
		{2CA1B3C3-B79D-4F33-94DD-25B1DEF130F6}.Release|Any CPU.Build.0 = Release|Any CPU
		{02BFD7BC-1145-4980-84E2-A93C8725D7BA}.Debug|Any CPU.ActiveCfg = Debug|Any CPU
		{02BFD7BC-1145-4980-84E2-A93C8725D7BA}.Debug|Any CPU.Build.0 = Debug|Any CPU
		{02BFD7BC-1145-4980-84E2-A93C8725D7BA}.Release|Any CPU.ActiveCfg = Release|Any CPU
		{02BFD7BC-1145-4980-84E2-A93C8725D7BA}.Release|Any CPU.Build.0 = Release|Any CPU
		{AE19CF4C-7448-4921-83E2-A2DFD710A39B}.Debug|Any CPU.ActiveCfg = Debug|Any CPU
		{AE19CF4C-7448-4921-83E2-A2DFD710A39B}.Debug|Any CPU.Build.0 = Debug|Any CPU
		{AE19CF4C-7448-4921-83E2-A2DFD710A39B}.Release|Any CPU.ActiveCfg = Release|Any CPU
		{AE19CF4C-7448-4921-83E2-A2DFD710A39B}.Release|Any CPU.Build.0 = Release|Any CPU
		{6F2D6E69-5879-42D7-A37E-D68588796E73}.Debug|Any CPU.ActiveCfg = Debug|Any CPU
		{6F2D6E69-5879-42D7-A37E-D68588796E73}.Debug|Any CPU.Build.0 = Debug|Any CPU
		{6F2D6E69-5879-42D7-A37E-D68588796E73}.Release|Any CPU.ActiveCfg = Release|Any CPU
		{6F2D6E69-5879-42D7-A37E-D68588796E73}.Release|Any CPU.Build.0 = Release|Any CPU
		{719440DD-9535-4679-8C56-778C62C58409}.Debug|Any CPU.ActiveCfg = Debug|Any CPU
		{719440DD-9535-4679-8C56-778C62C58409}.Debug|Any CPU.Build.0 = Debug|Any CPU
		{719440DD-9535-4679-8C56-778C62C58409}.Release|Any CPU.ActiveCfg = Release|Any CPU
		{719440DD-9535-4679-8C56-778C62C58409}.Release|Any CPU.Build.0 = Release|Any CPU
		{D470AD77-9FAA-46DE-B734-A4438E35FF73}.Debug|Any CPU.ActiveCfg = Debug|Any CPU
		{D470AD77-9FAA-46DE-B734-A4438E35FF73}.Debug|Any CPU.Build.0 = Debug|Any CPU
		{D470AD77-9FAA-46DE-B734-A4438E35FF73}.Release|Any CPU.ActiveCfg = Release|Any CPU
		{D470AD77-9FAA-46DE-B734-A4438E35FF73}.Release|Any CPU.Build.0 = Release|Any CPU
	EndGlobalSection
	GlobalSection(SolutionProperties) = preSolution
		HideSolutionNode = FALSE
	EndGlobalSection
	GlobalSection(NestedProjects) = preSolution
		{3D60C05F-A9B0-417A-970C-741037BABC2B} = {4FEA8563-A768-4946-B350-D1FAD7EA3C9B}
		{F0033003-8B1F-4B8B-A3A1-29484702F64A} = {5E63F3F8-B8E2-425E-A280-701E8B1A9407}
		{6EA020DE-A0E3-4365-96CA-3DCE07D96F21} = {5E63F3F8-B8E2-425E-A280-701E8B1A9407}
		{486BFE9D-6727-44DC-9E1B-140CB00788B7} = {5E63F3F8-B8E2-425E-A280-701E8B1A9407}
		{E9F50BF2-A859-4747-9521-AFB1FFE81E01} = {6B3B63FB-A46D-424B-AEDD-6006ED2D18E9}
		{95EEEF1A-F429-437B-8CCD-F3DA393DFF15} = {A533BD06-B14D-41CE-A8D2-F7835F04982C}
		{4D1574EC-0DAE-417C-9948-11FDD3B3C5A0} = {4FEA8563-A768-4946-B350-D1FAD7EA3C9B}
		{4B1B456F-04ED-44F8-B506-B75B08117AD5} = {4FEA8563-A768-4946-B350-D1FAD7EA3C9B}
		{2CA1B3C3-B79D-4F33-94DD-25B1DEF130F6} = {4FEA8563-A768-4946-B350-D1FAD7EA3C9B}
		{02BFD7BC-1145-4980-84E2-A93C8725D7BA} = {4FEA8563-A768-4946-B350-D1FAD7EA3C9B}
		{AE19CF4C-7448-4921-83E2-A2DFD710A39B} = {440DDFA0-E38E-443E-92CE-CA4CEF8FAF6C}
		{6F2D6E69-5879-42D7-A37E-D68588796E73} = {440DDFA0-E38E-443E-92CE-CA4CEF8FAF6C}
		{719440DD-9535-4679-8C56-778C62C58409} = {4FB02C0E-7E3E-4E31-85DB-FBCE6A264BC3}
		{D470AD77-9FAA-46DE-B734-A4438E35FF73} = {4FB02C0E-7E3E-4E31-85DB-FBCE6A264BC3}
	EndGlobalSection
	GlobalSection(ExtensibilityGlobals) = postSolution
		SolutionGuid = {C2EB2030-0D08-4654-B706-3C03FAFD1CEE}
	EndGlobalSection
EndGlobal
